
Microsoft Visual Studio Solution File, Format Version 12.00
# Visual Studio 15
VisualStudioVersion = 15.0.28307.757
MinimumVisualStudioVersion = 10.0.40219.1
Project("{FAE04EC0-301F-11D3-BF4B-00C04F79EFBC}") = "RBMsg", "RBMsg\RBMsg.csproj", "{BE9723F6-9ED8-4A36-9B9F-574E89FDA2DD}"
EndProject
Global
	GlobalSection(SolutionConfigurationPlatforms) = preSolution
		Debug|Any CPU = Debug|Any CPU
		Release|Any CPU = Release|Any CPU
	EndGlobalSection
	GlobalSection(ProjectConfigurationPlatforms) = postSolution
		{BE9723F6-9ED8-4A36-9B9F-574E89FDA2DD}.Debug|Any CPU.ActiveCfg = Debug|Any CPU
		{BE9723F6-9ED8-4A36-9B9F-574E89FDA2DD}.Debug|Any CPU.Build.0 = Debug|Any CPU
		{BE9723F6-9ED8-4A36-9B9F-574E89FDA2DD}.Release|Any CPU.ActiveCfg = Release|Any CPU
		{BE9723F6-9ED8-4A36-9B9F-574E89FDA2DD}.Release|Any CPU.Build.0 = Release|Any CPU
	EndGlobalSection
	GlobalSection(SolutionProperties) = preSolution
		HideSolutionNode = FALSE
	EndGlobalSection
	GlobalSection(ExtensibilityGlobals) = postSolution
		SolutionGuid = {D6476AB6-C189-4C4A-9454-BCE91BD23E98}
	EndGlobalSection
EndGlobal
