
Microsoft Visual Studio Solution File, Format Version 12.00
# Visual Studio 15
VisualStudioVersion = 15.0.28307.757
MinimumVisualStudioVersion = 10.0.40219.1
Project("{FAE04EC0-301F-11D3-BF4B-00C04F79EFBC}") = "Timer", "Timer\Timer.csproj", "{9899E986-2A00-4C76-9B5A-8E9D17C98E56}"
EndProject
Global
	GlobalSection(SolutionConfigurationPlatforms) = preSolution
		Debug|Any CPU = Debug|Any CPU
		Release|Any CPU = Release|Any CPU
	EndGlobalSection
	GlobalSection(ProjectConfigurationPlatforms) = postSolution
		{9899E986-2A00-4C76-9B5A-8E9D17C98E56}.Debug|Any CPU.ActiveCfg = Debug|Any CPU
		{9899E986-2A00-4C76-9B5A-8E9D17C98E56}.Debug|Any CPU.Build.0 = Debug|Any CPU
		{9899E986-2A00-4C76-9B5A-8E9D17C98E56}.Release|Any CPU.ActiveCfg = Release|Any CPU
		{9899E986-2A00-4C76-9B5A-8E9D17C98E56}.Release|Any CPU.Build.0 = Release|Any CPU
	EndGlobalSection
	GlobalSection(SolutionProperties) = preSolution
		HideSolutionNode = FALSE
	EndGlobalSection
	GlobalSection(ExtensibilityGlobals) = postSolution
		SolutionGuid = {06DFF04C-7044-4C50-A39D-60B8368377BB}
	EndGlobalSection
EndGlobal
