
Microsoft Visual Studio Solution File, Format Version 12.00
# Visual Studio 15
VisualStudioVersion = 15.0.28307.757
MinimumVisualStudioVersion = 10.0.40219.1
Project("{FAE04EC0-301F-11D3-BF4B-00C04F79EFBC}") = "Image", "Image\Image.csproj", "{ABFE3594-1B23-4AA6-8F2E-66C63C810185}"
EndProject
Global
	GlobalSection(SolutionConfigurationPlatforms) = preSolution
		Debug|Any CPU = Debug|Any CPU
		Release|Any CPU = Release|Any CPU
	EndGlobalSection
	GlobalSection(ProjectConfigurationPlatforms) = postSolution
		{ABFE3594-1B23-4AA6-8F2E-66C63C810185}.Debug|Any CPU.ActiveCfg = Debug|Any CPU
		{ABFE3594-1B23-4AA6-8F2E-66C63C810185}.Debug|Any CPU.Build.0 = Debug|Any CPU
		{ABFE3594-1B23-4AA6-8F2E-66C63C810185}.Release|Any CPU.ActiveCfg = Release|Any CPU
		{ABFE3594-1B23-4AA6-8F2E-66C63C810185}.Release|Any CPU.Build.0 = Release|Any CPU
	EndGlobalSection
	GlobalSection(SolutionProperties) = preSolution
		HideSolutionNode = FALSE
	EndGlobalSection
	GlobalSection(ExtensibilityGlobals) = postSolution
		SolutionGuid = {B1377E47-F90F-4FED-A6AA-8F421F03543D}
	EndGlobalSection
EndGlobal
